
Microsoft Visual Studio Solution File, Format Version 12.00
# Visual Studio Version 17
VisualStudioVersion = 17.2.32616.157
MinimumVisualStudioVersion = 10.0.40219.1
Project("{FAE04EC0-301F-11D3-BF4B-00C04F79EFBC}") = "HomeWordOne", "HomeWordOne\HomeWordOne.csproj", "{2D1A19F0-099E-44B6-BB6C-D69E6246F0E7}"
EndProject
Global
	GlobalSection(SolutionConfigurationPlatforms) = preSolution
		Debug|Any CPU = Debug|Any CPU
		Release|Any CPU = Release|Any CPU
	EndGlobalSection
	GlobalSection(ProjectConfigurationPlatforms) = postSolution
		{2D1A19F0-099E-44B6-BB6C-D69E6246F0E7}.Debug|Any CPU.ActiveCfg = Debug|Any CPU
		{2D1A19F0-099E-44B6-BB6C-D69E6246F0E7}.Debug|Any CPU.Build.0 = Debug|Any CPU
		{2D1A19F0-099E-44B6-BB6C-D69E6246F0E7}.Release|Any CPU.ActiveCfg = Release|Any CPU
		{2D1A19F0-099E-44B6-BB6C-D69E6246F0E7}.Release|Any CPU.Build.0 = Release|Any CPU
	EndGlobalSection
	GlobalSection(SolutionProperties) = preSolution
		HideSolutionNode = FALSE
	EndGlobalSection
	GlobalSection(ExtensibilityGlobals) = postSolution
		SolutionGuid = {81CDF462-1D5C-40E0-A6C0-F6F97B709E30}
	EndGlobalSection
EndGlobal
